
Microsoft Visual Studio Solution File, Format Version 12.00
# Visual Studio Version 16
VisualStudioVersion = 16.0.31605.320
MinimumVisualStudioVersion = 10.0.40219.1
Project("{FAE04EC0-301F-11D3-BF4B-00C04F79EFBC}") = "NapierBankMessage", "NapierBankMessage.csproj", "{A3899127-E569-4EAB-81D7-9457B1D6B1D3}"
EndProject
Global
	GlobalSection(SolutionConfigurationPlatforms) = preSolution
		Debug|Any CPU = Debug|Any CPU
		Release|Any CPU = Release|Any CPU
	EndGlobalSection
	GlobalSection(ProjectConfigurationPlatforms) = postSolution
		{A3899127-E569-4EAB-81D7-9457B1D6B1D3}.Debug|Any CPU.ActiveCfg = Debug|Any CPU
		{A3899127-E569-4EAB-81D7-9457B1D6B1D3}.Debug|Any CPU.Build.0 = Debug|Any CPU
		{A3899127-E569-4EAB-81D7-9457B1D6B1D3}.Release|Any CPU.ActiveCfg = Release|Any CPU
		{A3899127-E569-4EAB-81D7-9457B1D6B1D3}.Release|Any CPU.Build.0 = Release|Any CPU
	EndGlobalSection
	GlobalSection(SolutionProperties) = preSolution
		HideSolutionNode = FALSE
	EndGlobalSection
	GlobalSection(ExtensibilityGlobals) = postSolution
		SolutionGuid = {EFF414D5-E0C8-44D6-A7CC-ECF11163F8B0}
	EndGlobalSection
EndGlobal
